
Microsoft Visual Studio Solution File, Format Version 12.00
# Visual Studio Version 17
VisualStudioVersion = 17.0.31717.71
MinimumVisualStudioVersion = 10.0.40219.1
Project("{9A19103F-16F7-4668-BE54-9A1E7A4F7556}") = "StoreManagement.BlazorServer", "StoreManagement.BlazorServer.csproj", "{B7A77F34-582C-4522-829A-CC2314CC47CD}"
EndProject
Global
	GlobalSection(SolutionConfigurationPlatforms) = preSolution
		Debug|Any CPU = Debug|Any CPU
		Release|Any CPU = Release|Any CPU
	EndGlobalSection
	GlobalSection(ProjectConfigurationPlatforms) = postSolution
		{B7A77F34-582C-4522-829A-CC2314CC47CD}.Debug|Any CPU.ActiveCfg = Debug|Any CPU
		{B7A77F34-582C-4522-829A-CC2314CC47CD}.Debug|Any CPU.Build.0 = Debug|Any CPU
		{B7A77F34-582C-4522-829A-CC2314CC47CD}.Release|Any CPU.ActiveCfg = Release|Any CPU
		{B7A77F34-582C-4522-829A-CC2314CC47CD}.Release|Any CPU.Build.0 = Release|Any CPU
	EndGlobalSection
	GlobalSection(SolutionProperties) = preSolution
		HideSolutionNode = FALSE
	EndGlobalSection
	GlobalSection(ExtensibilityGlobals) = postSolution
		SolutionGuid = {E50EDF73-17F0-45F3-B953-BDADFB75AAB4}
	EndGlobalSection
EndGlobal